
Microsoft Visual Studio Solution File, Format Version 12.00
# Visual Studio Version 16
VisualStudioVersion = 16.0.29609.76
MinimumVisualStudioVersion = 10.0.40219.1
Project("{8BC9CEB8-8B4A-11D0-8D11-00A0C91BC942}") = "Application", "Projects\Application\Application.vcxproj", "{6D7913C9-CE64-48ED-9AA6-68847A8FBA9C}"
EndProject
Project("{8BC9CEB8-8B4A-11D0-8D11-00A0C91BC942}") = "ECS", "Projects\ECS\ECS.vcxproj", "{32918949-9D6E-46C8-9FD6-6BBBCC0DDD6B}"
EndProject
Project("{8BC9CEB8-8B4A-11D0-8D11-00A0C91BC942}") = "Utilities", "Projects\Utilities\Utilities.vcxproj", "{E140A7E5-2154-4CA0-BE1E-0A1ABEE0D220}"
EndProject
Global
	GlobalSection(SolutionConfigurationPlatforms) = preSolution
		Debug|x64 = Debug|x64
		Debug|x86 = Debug|x86
		Release|x64 = Release|x64
		Release|x86 = Release|x86
	EndGlobalSection
	GlobalSection(ProjectConfigurationPlatforms) = postSolution
		{32918949-9D6E-46C8-9FD6-6BBBCC0DDD6B}.Debug|x64.ActiveCfg = Debug|x64
		{32918949-9D6E-46C8-9FD6-6BBBCC0DDD6B}.Debug|x64.Build.0 = Debug|x64
		{32918949-9D6E-46C8-9FD6-6BBBCC0DDD6B}.Debug|x86.ActiveCfg = Debug|Win32
		{32918949-9D6E-46C8-9FD6-6BBBCC0DDD6B}.Debug|x86.Build.0 = Debug|Win32
		{32918949-9D6E-46C8-9FD6-6BBBCC0DDD6B}.Release|x64.ActiveCfg = Release|x64
		{32918949-9D6E-46C8-9FD6-6BBBCC0DDD6B}.Release|x64.Build.0 = Release|x64
		{32918949-9D6E-46C8-9FD6-6BBBCC0DDD6B}.Release|x86.ActiveCfg = Release|Win32
		{32918949-9D6E-46C8-9FD6-6BBBCC0DDD6B}.Release|x86.Build.0 = Release|Win32
		{6D7913C9-CE64-48ED-9AA6-68847A8FBA9C}.Debug|x64.ActiveCfg = Debug|x64
		{6D7913C9-CE64-48ED-9AA6-68847A8FBA9C}.Debug|x64.Build.0 = Debug|x64
		{6D7913C9-CE64-48ED-9AA6-68847A8FBA9C}.Debug|x86.ActiveCfg = Debug|Win32
		{6D7913C9-CE64-48ED-9AA6-68847A8FBA9C}.Debug|x86.Build.0 = Debug|Win32
		{6D7913C9-CE64-48ED-9AA6-68847A8FBA9C}.Release|x64.ActiveCfg = Release|x64
		{6D7913C9-CE64-48ED-9AA6-68847A8FBA9C}.Release|x64.Build.0 = Release|x64
		{6D7913C9-CE64-48ED-9AA6-68847A8FBA9C}.Release|x86.ActiveCfg = Release|Win32
		{6D7913C9-CE64-48ED-9AA6-68847A8FBA9C}.Release|x86.Build.0 = Release|Win32
		{E140A7E5-2154-4CA0-BE1E-0A1ABEE0D220}.Debug|x64.ActiveCfg = Debug|x64
		{E140A7E5-2154-4CA0-BE1E-0A1ABEE0D220}.Debug|x64.Build.0 = Debug|x64
		{E140A7E5-2154-4CA0-BE1E-0A1ABEE0D220}.Debug|x86.ActiveCfg = Debug|Win32
		{E140A7E5-2154-4CA0-BE1E-0A1ABEE0D220}.Debug|x86.Build.0 = Debug|Win32
		{E140A7E5-2154-4CA0-BE1E-0A1ABEE0D220}.Release|x64.ActiveCfg = Release|x64
		{E140A7E5-2154-4CA0-BE1E-0A1ABEE0D220}.Release|x64.Build.0 = Release|x64
		{E140A7E5-2154-4CA0-BE1E-0A1ABEE0D220}.Release|x86.ActiveCfg = Release|Win32
		{E140A7E5-2154-4CA0-BE1E-0A1ABEE0D220}.Release|x86.Build.0 = Release|Win32
	EndGlobalSection
	GlobalSection(SolutionProperties) = preSolution
		HideSolutionNode = FALSE
	EndGlobalSection
	GlobalSection(ExtensibilityGlobals) = postSolution
		SolutionGuid = {060E5FA1-332B-46FF-B78B-374300FF2B55}
	EndGlobalSection
EndGlobal
